// !$*UTF8*$!
{
	archiveVersion = 1;
	classes = {
	};
	objectVersion = 77;
	objects = {

/* Begin PBXBuildFile section */
		5EC0EA442CC5644100632199 /* FirebaseAnalytics in Frameworks */ = {isa = PBXBuildFile; productRef = 5EC0EA432CC5644100632199 /* FirebaseAnalytics */; };
		5EC0EA462CC5644100632199 /* FirebaseAuth in Frameworks */ = {isa = PBXBuildFile; productRef = 5EC0EA452CC5644100632199 /* FirebaseAuth */; };
		5EC0EA482CC5644100632199 /* FirebaseCore in Frameworks */ = {isa = PBXBuildFile; productRef = 5EC0EA472CC5644100632199 /* FirebaseCore */; };
		5EC0EA4A2CC5644100632199 /* FirebaseCrashlytics in Frameworks */ = {isa = PBXBuildFile; productRef = 5EC0EA492CC5644100632199 /* FirebaseCrashlytics */; };
		5EC0EA4C2CC5644100632199 /* FirebaseFirestore in Frameworks */ = {isa = PBXBuildFile; productRef = 5EC0EA4B2CC5644100632199 /* FirebaseFirestore */; };
/* End PBXBuildFile section */

/* Begin PBXContainerItemProxy section */
		5EB5785E2CB3CCD4004524AD /* PBXContainerItemProxy */ = {
			isa = PBXContainerItemProxy;
			containerPortal = 5EB578452CB3CCD3004524AD /* Project object */;
			proxyType = 1;
			remoteGlobalIDString = 5EB5784C2CB3CCD3004524AD;
			remoteInfo = gedoise;
		};
		5EB578682CB3CCD4004524AD /* PBXContainerItemProxy */ = {
			isa = PBXContainerItemProxy;
			containerPortal = 5EB578452CB3CCD3004524AD /* Project object */;
			proxyType = 1;
			remoteGlobalIDString = 5EB5784C2CB3CCD3004524AD;
			remoteInfo = gedoise;
		};
/* End PBXContainerItemProxy section */

/* Begin PBXFileReference section */
		5EB5784D2CB3CCD3004524AD /* La Grande Ecole Du Droit.app */ = {isa = PBXFileReference; explicitFileType = wrapper.application; includeInIndex = 0; path = "La Grande Ecole Du Droit.app"; sourceTree = BUILT_PRODUCTS_DIR; };
		5EB5785D2CB3CCD4004524AD /* LaGrandeEcoleDuDroitTests.xctest */ = {isa = PBXFileReference; explicitFileType = wrapper.cfbundle; includeInIndex = 0; path = LaGrandeEcoleDuDroitTests.xctest; sourceTree = BUILT_PRODUCTS_DIR; };
		5EB578672CB3CCD4004524AD /* LaGrandeEcoleDuDroitUITests.xctest */ = {isa = PBXFileReference; explicitFileType = wrapper.cfbundle; includeInIndex = 0; path = LaGrandeEcoleDuDroitUITests.xctest; sourceTree = BUILT_PRODUCTS_DIR; };
/* End PBXFileReference section */

/* Begin PBXFileSystemSynchronizedRootGroup section */
		5EB5784F2CB3CCD3004524AD /* LaGrandeEcoleDuDroit */ = {
			isa = PBXFileSystemSynchronizedRootGroup;
			path = LaGrandeEcoleDuDroit;
			sourceTree = "<group>";
		};
		5EB578602CB3CCD4004524AD /* LaGrandeEcoleDuDroitTests */ = {
			isa = PBXFileSystemSynchronizedRootGroup;
			path = LaGrandeEcoleDuDroitTests;
			sourceTree = "<group>";
		};
		5EB5786A2CB3CCD4004524AD /* LaGrandeEcoleDuDroitUITests */ = {
			isa = PBXFileSystemSynchronizedRootGroup;
			path = LaGrandeEcoleDuDroitUITests;
			sourceTree = "<group>";
		};
/* End PBXFileSystemSynchronizedRootGroup section */

/* Begin PBXFrameworksBuildPhase section */
		5EB5784A2CB3CCD3004524AD /* Frameworks */ = {
			isa = PBXFrameworksBuildPhase;
			buildActionMask = 2147483647;
			files = (
				5EC0EA442CC5644100632199 /* FirebaseAnalytics in Frameworks */,
				5EC0EA4A2CC5644100632199 /* FirebaseCrashlytics in Frameworks */,
				5EC0EA482CC5644100632199 /* FirebaseCore in Frameworks */,
				5EC0EA4C2CC5644100632199 /* FirebaseFirestore in Frameworks */,
				5EC0EA462CC5644100632199 /* FirebaseAuth in Frameworks */,
			);
			runOnlyForDeploymentPostprocessing = 0;
		};
		5EB5785A2CB3CCD4004524AD /* Frameworks */ = {
			isa = PBXFrameworksBuildPhase;
			buildActionMask = 2147483647;
			files = (
			);
			runOnlyForDeploymentPostprocessing = 0;
		};
		5EB578642CB3CCD4004524AD /* Frameworks */ = {
			isa = PBXFrameworksBuildPhase;
			buildActionMask = 2147483647;
			files = (
			);
			runOnlyForDeploymentPostprocessing = 0;
		};
/* End PBXFrameworksBuildPhase section */

/* Begin PBXGroup section */
		5EB578442CB3CCD3004524AD = {
			isa = PBXGroup;
			children = (
				5EB5784F2CB3CCD3004524AD /* LaGrandeEcoleDuDroit */,
				5EB578602CB3CCD4004524AD /* LaGrandeEcoleDuDroitTests */,
				5EB5786A2CB3CCD4004524AD /* LaGrandeEcoleDuDroitUITests */,
				5EB5784E2CB3CCD3004524AD /* Products */,
			);
			sourceTree = "<group>";
		};
		5EB5784E2CB3CCD3004524AD /* Products */ = {
			isa = PBXGroup;
			children = (
				5EB5784D2CB3CCD3004524AD /* La Grande Ecole Du Droit.app */,
				5EB5785D2CB3CCD4004524AD /* LaGrandeEcoleDuDroitTests.xctest */,
				5EB578672CB3CCD4004524AD /* LaGrandeEcoleDuDroitUITests.xctest */,
			);
			name = Products;
			sourceTree = "<group>";
		};
/* End PBXGroup section */

/* Begin PBXNativeTarget section */
		5EB5784C2CB3CCD3004524AD /* LaGrandeEcoleDuDroit */ = {
			isa = PBXNativeTarget;
			buildConfigurationList = 5EB578712CB3CCD4004524AD /* Build configuration list for PBXNativeTarget "LaGrandeEcoleDuDroit" */;
			buildPhases = (
				5EB578492CB3CCD3004524AD /* Sources */,
				5EB5784A2CB3CCD3004524AD /* Frameworks */,
				5EB5784B2CB3CCD3004524AD /* Resources */,
			);
			buildRules = (
			);
			dependencies = (
			);
			fileSystemSynchronizedGroups = (
				5EB5784F2CB3CCD3004524AD /* LaGrandeEcoleDuDroit */,
			);
			name = LaGrandeEcoleDuDroit;
			packageProductDependencies = (
				5EC0EA432CC5644100632199 /* FirebaseAnalytics */,
				5EC0EA452CC5644100632199 /* FirebaseAuth */,
				5EC0EA472CC5644100632199 /* FirebaseCore */,
				5EC0EA492CC5644100632199 /* FirebaseCrashlytics */,
				5EC0EA4B2CC5644100632199 /* FirebaseFirestore */,
			);
			productName = gedoise;
			productReference = 5EB5784D2CB3CCD3004524AD /* La Grande Ecole Du Droit.app */;
			productType = "com.apple.product-type.application";
		};
		5EB5785C2CB3CCD4004524AD /* LaGrandeEcoleDuDroitTests */ = {
			isa = PBXNativeTarget;
			buildConfigurationList = 5EB578742CB3CCD4004524AD /* Build configuration list for PBXNativeTarget "LaGrandeEcoleDuDroitTests" */;
			buildPhases = (
				5EB578592CB3CCD4004524AD /* Sources */,
				5EB5785A2CB3CCD4004524AD /* Frameworks */,
				5EB5785B2CB3CCD4004524AD /* Resources */,
			);
			buildRules = (
			);
			dependencies = (
				5EB5785F2CB3CCD4004524AD /* PBXTargetDependency */,
			);
			fileSystemSynchronizedGroups = (
				5EB578602CB3CCD4004524AD /* LaGrandeEcoleDuDroitTests */,
			);
			name = LaGrandeEcoleDuDroitTests;
			packageProductDependencies = (
			);
			productName = gedoiseTests;
			productReference = 5EB5785D2CB3CCD4004524AD /* LaGrandeEcoleDuDroitTests.xctest */;
			productType = "com.apple.product-type.bundle.unit-test";
		};
		5EB578662CB3CCD4004524AD /* LaGrandeEcoleDuDroitUITests */ = {
			isa = PBXNativeTarget;
			buildConfigurationList = 5EB578772CB3CCD4004524AD /* Build configuration list for PBXNativeTarget "LaGrandeEcoleDuDroitUITests" */;
			buildPhases = (
				5EB578632CB3CCD4004524AD /* Sources */,
				5EB578642CB3CCD4004524AD /* Frameworks */,
				5EB578652CB3CCD4004524AD /* Resources */,
			);
			buildRules = (
			);
			dependencies = (
				5EB578692CB3CCD4004524AD /* PBXTargetDependency */,
			);
			fileSystemSynchronizedGroups = (
				5EB5786A2CB3CCD4004524AD /* LaGrandeEcoleDuDroitUITests */,
			);
			name = LaGrandeEcoleDuDroitUITests;
			packageProductDependencies = (
			);
			productName = gedoiseUITests;
			productReference = 5EB578672CB3CCD4004524AD /* LaGrandeEcoleDuDroitUITests.xctest */;
			productType = "com.apple.product-type.bundle.ui-testing";
		};
/* End PBXNativeTarget section */

/* Begin PBXProject section */
		5EB578452CB3CCD3004524AD /* Project object */ = {
			isa = PBXProject;
			attributes = {
				BuildIndependentTargetsInParallel = 1;
				LastSwiftUpdateCheck = 1600;
				LastUpgradeCheck = 1600;
				TargetAttributes = {
					5EB5784C2CB3CCD3004524AD = {
						CreatedOnToolsVersion = 16.0;
					};
					5EB5785C2CB3CCD4004524AD = {
						CreatedOnToolsVersion = 16.0;
						TestTargetID = 5EB5784C2CB3CCD3004524AD;
					};
					5EB578662CB3CCD4004524AD = {
						CreatedOnToolsVersion = 16.0;
						TestTargetID = 5EB5784C2CB3CCD3004524AD;
					};
				};
			};
			buildConfigurationList = 5EB578482CB3CCD3004524AD /* Build configuration list for PBXProject "LaGrandeEcoleDuDroit" */;
			developmentRegion = fr;
			hasScannedForEncodings = 0;
			knownRegions = (
				en,
				Base,
				fr,
			);
			mainGroup = 5EB578442CB3CCD3004524AD;
			minimizedProjectReferenceProxies = 1;
			packageReferences = (
				5EC0EA422CC5644100632199 /* XCRemoteSwiftPackageReference "firebase-ios-sdk" */,
			);
			preferredProjectObjectVersion = 77;
			productRefGroup = 5EB5784E2CB3CCD3004524AD /* Products */;
			projectDirPath = "";
			projectRoot = "";
			targets = (
				5EB5784C2CB3CCD3004524AD /* LaGrandeEcoleDuDroit */,
				5EB5785C2CB3CCD4004524AD /* LaGrandeEcoleDuDroitTests */,
				5EB578662CB3CCD4004524AD /* LaGrandeEcoleDuDroitUITests */,
			);
		};
/* End PBXProject section */

/* Begin PBXResourcesBuildPhase section */
		5EB5784B2CB3CCD3004524AD /* Resources */ = {
			isa = PBXResourcesBuildPhase;
			buildActionMask = 2147483647;
			files = (
			);
			runOnlyForDeploymentPostprocessing = 0;
		};
		5EB5785B2CB3CCD4004524AD /* Resources */ = {
			isa = PBXResourcesBuildPhase;
			buildActionMask = 2147483647;
			files = (
			);
			runOnlyForDeploymentPostprocessing = 0;
		};
		5EB578652CB3CCD4004524AD /* Resources */ = {
			isa = PBXResourcesBuildPhase;
			buildActionMask = 2147483647;
			files = (
			);
			runOnlyForDeploymentPostprocessing = 0;
		};
/* End PBXResourcesBuildPhase section */

/* Begin PBXSourcesBuildPhase section */
		5EB578492CB3CCD3004524AD /* Sources */ = {
			isa = PBXSourcesBuildPhase;
			buildActionMask = 2147483647;
			files = (
			);
			runOnlyForDeploymentPostprocessing = 0;
		};
		5EB578592CB3CCD4004524AD /* Sources */ = {
			isa = PBXSourcesBuildPhase;
			buildActionMask = 2147483647;
			files = (
			);
			runOnlyForDeploymentPostprocessing = 0;
		};
		5EB578632CB3CCD4004524AD /* Sources */ = {
			isa = PBXSourcesBuildPhase;
			buildActionMask = 2147483647;
			files = (
			);
			runOnlyForDeploymentPostprocessing = 0;
		};
/* End PBXSourcesBuildPhase section */

/* Begin PBXTargetDependency section */
		5EB5785F2CB3CCD4004524AD /* PBXTargetDependency */ = {
			isa = PBXTargetDependency;
			target = 5EB5784C2CB3CCD3004524AD /* LaGrandeEcoleDuDroit */;
			targetProxy = 5EB5785E2CB3CCD4004524AD /* PBXContainerItemProxy */;
		};
		5EB578692CB3CCD4004524AD /* PBXTargetDependency */ = {
			isa = PBXTargetDependency;
			target = 5EB5784C2CB3CCD3004524AD /* LaGrandeEcoleDuDroit */;
			targetProxy = 5EB578682CB3CCD4004524AD /* PBXContainerItemProxy */;
		};
/* End PBXTargetDependency section */

/* Begin XCBuildConfiguration section */
		5EB5786F2CB3CCD4004524AD /* Debug */ = {
			isa = XCBuildConfiguration;
			buildSettings = {
				ALWAYS_SEARCH_USER_PATHS = NO;
				ASSETCATALOG_COMPILER_GENERATE_SWIFT_ASSET_SYMBOL_EXTENSIONS = YES;
				CLANG_ANALYZER_LOCALIZABILITY_NONLOCALIZED = YES;
				CLANG_ANALYZER_NONNULL = YES;
				CLANG_ANALYZER_NUMBER_OBJECT_CONVERSION = YES_AGGRESSIVE;
				CLANG_CXX_LANGUAGE_STANDARD = "gnu++20";
				CLANG_ENABLE_MODULES = YES;
				CLANG_ENABLE_OBJC_ARC = YES;
				CLANG_ENABLE_OBJC_WEAK = YES;
				CLANG_WARN_BLOCK_CAPTURE_AUTORELEASING = YES;
				CLANG_WARN_BOOL_CONVERSION = YES;
				CLANG_WARN_COMMA = YES;
				CLANG_WARN_CONSTANT_CONVERSION = YES;
				CLANG_WARN_DEPRECATED_OBJC_IMPLEMENTATIONS = YES;
				CLANG_WARN_DIRECT_OBJC_ISA_USAGE = YES_ERROR;
				CLANG_WARN_DOCUMENTATION_COMMENTS = YES;
				CLANG_WARN_EMPTY_BODY = YES;
				CLANG_WARN_ENUM_CONVERSION = YES;
				CLANG_WARN_INFINITE_RECURSION = YES;
				CLANG_WARN_INT_CONVERSION = YES;
				CLANG_WARN_NON_LITERAL_NULL_CONVERSION = YES;
				CLANG_WARN_OBJC_IMPLICIT_RETAIN_SELF = YES;
				CLANG_WARN_OBJC_LITERAL_CONVERSION = YES;
				CLANG_WARN_OBJC_ROOT_CLASS = YES_ERROR;
				CLANG_WARN_QUOTED_INCLUDE_IN_FRAMEWORK_HEADER = YES;
				CLANG_WARN_RANGE_LOOP_ANALYSIS = YES;
				CLANG_WARN_STRICT_PROTOTYPES = YES;
				CLANG_WARN_SUSPICIOUS_MOVE = YES;
				CLANG_WARN_UNGUARDED_AVAILABILITY = YES_AGGRESSIVE;
				CLANG_WARN_UNREACHABLE_CODE = YES;
				CLANG_WARN__DUPLICATE_METHOD_MATCH = YES;
				COPY_PHASE_STRIP = NO;
				DEBUG_INFORMATION_FORMAT = dwarf;
				ENABLE_STRICT_OBJC_MSGSEND = YES;
				ENABLE_TESTABILITY = YES;
				ENABLE_USER_SCRIPT_SANDBOXING = YES;
				GCC_C_LANGUAGE_STANDARD = gnu17;
				GCC_DYNAMIC_NO_PIC = NO;
				GCC_NO_COMMON_BLOCKS = YES;
				GCC_OPTIMIZATION_LEVEL = 0;
				GCC_PREPROCESSOR_DEFINITIONS = (
					"DEBUG=1",
					"$(inherited)",
				);
				GCC_WARN_64_TO_32_BIT_CONVERSION = YES;
				GCC_WARN_ABOUT_RETURN_TYPE = YES_ERROR;
				GCC_WARN_UNDECLARED_SELECTOR = YES;
				GCC_WARN_UNINITIALIZED_AUTOS = YES_AGGRESSIVE;
				GCC_WARN_UNUSED_FUNCTION = YES;
				GCC_WARN_UNUSED_VARIABLE = YES;
				IPHONEOS_DEPLOYMENT_TARGET = 16.6;
				LOCALIZATION_PREFERS_STRING_CATALOGS = YES;
				MTL_ENABLE_DEBUG_INFO = INCLUDE_SOURCE;
				MTL_FAST_MATH = YES;
				ONLY_ACTIVE_ARCH = YES;
				SDKROOT = iphoneos;
				SWIFT_ACTIVE_COMPILATION_CONDITIONS = "DEBUG $(inherited)";
				SWIFT_OPTIMIZATION_LEVEL = "-Onone";
			};
			name = Debug;
		};
		5EB578702CB3CCD4004524AD /* Release */ = {
			isa = XCBuildConfiguration;
			buildSettings = {
				ALWAYS_SEARCH_USER_PATHS = NO;
				ASSETCATALOG_COMPILER_GENERATE_SWIFT_ASSET_SYMBOL_EXTENSIONS = YES;
				CLANG_ANALYZER_LOCALIZABILITY_NONLOCALIZED = YES;
				CLANG_ANALYZER_NONNULL = YES;
				CLANG_ANALYZER_NUMBER_OBJECT_CONVERSION = YES_AGGRESSIVE;
				CLANG_CXX_LANGUAGE_STANDARD = "gnu++20";
				CLANG_ENABLE_MODULES = YES;
				CLANG_ENABLE_OBJC_ARC = YES;
				CLANG_ENABLE_OBJC_WEAK = YES;
				CLANG_WARN_BLOCK_CAPTURE_AUTORELEASING = YES;
				CLANG_WARN_BOOL_CONVERSION = YES;
				CLANG_WARN_COMMA = YES;
				CLANG_WARN_CONSTANT_CONVERSION = YES;
				CLANG_WARN_DEPRECATED_OBJC_IMPLEMENTATIONS = YES;
				CLANG_WARN_DIRECT_OBJC_ISA_USAGE = YES_ERROR;
				CLANG_WARN_DOCUMENTATION_COMMENTS = YES;
				CLANG_WARN_EMPTY_BODY = YES;
				CLANG_WARN_ENUM_CONVERSION = YES;
				CLANG_WARN_INFINITE_RECURSION = YES;
				CLANG_WARN_INT_CONVERSION = YES;
				CLANG_WARN_NON_LITERAL_NULL_CONVERSION = YES;
				CLANG_WARN_OBJC_IMPLICIT_RETAIN_SELF = YES;
				CLANG_WARN_OBJC_LITERAL_CONVERSION = YES;
				CLANG_WARN_OBJC_ROOT_CLASS = YES_ERROR;
				CLANG_WARN_QUOTED_INCLUDE_IN_FRAMEWORK_HEADER = YES;
				CLANG_WARN_RANGE_LOOP_ANALYSIS = YES;
				CLANG_WARN_STRICT_PROTOTYPES = YES;
				CLANG_WARN_SUSPICIOUS_MOVE = YES;
				CLANG_WARN_UNGUARDED_AVAILABILITY = YES_AGGRESSIVE;
				CLANG_WARN_UNREACHABLE_CODE = YES;
				CLANG_WARN__DUPLICATE_METHOD_MATCH = YES;
				COPY_PHASE_STRIP = NO;
				DEBUG_INFORMATION_FORMAT = "dwarf-with-dsym";
				ENABLE_NS_ASSERTIONS = NO;
				ENABLE_STRICT_OBJC_MSGSEND = YES;
				ENABLE_USER_SCRIPT_SANDBOXING = YES;
				GCC_C_LANGUAGE_STANDARD = gnu17;
				GCC_NO_COMMON_BLOCKS = YES;
				GCC_WARN_64_TO_32_BIT_CONVERSION = YES;
				GCC_WARN_ABOUT_RETURN_TYPE = YES_ERROR;
				GCC_WARN_UNDECLARED_SELECTOR = YES;
				GCC_WARN_UNINITIALIZED_AUTOS = YES_AGGRESSIVE;
				GCC_WARN_UNUSED_FUNCTION = YES;
				GCC_WARN_UNUSED_VARIABLE = YES;
				IPHONEOS_DEPLOYMENT_TARGET = 16.6;
				LOCALIZATION_PREFERS_STRING_CATALOGS = YES;
				MTL_ENABLE_DEBUG_INFO = NO;
				MTL_FAST_MATH = YES;
				SDKROOT = iphoneos;
				SWIFT_COMPILATION_MODE = wholemodule;
				VALIDATE_PRODUCT = YES;
			};
			name = Release;
		};
		5EB578722CB3CCD4004524AD /* Debug */ = {
			isa = XCBuildConfiguration;
			buildSettings = {
				ASSETCATALOG_COMPILER_APPICON_NAME = AppIcon;
				ASSETCATALOG_COMPILER_GLOBAL_ACCENT_COLOR_NAME = AccentColor;
				CODE_SIGN_STYLE = Automatic;
				CURRENT_PROJECT_VERSION = 1;
				DEVELOPMENT_ASSET_PATHS = "\"LaGrandeEcoleDuDroit/Preview Content\"";
				DEVELOPMENT_TEAM = R8SRMT4A39;
				ENABLE_PREVIEWS = YES;
				GENERATE_INFOPLIST_FILE = YES;
				INFOPLIST_KEY_CFBundleDisplayName = "La Grande Ecole Du Droit";
				INFOPLIST_KEY_LSApplicationCategoryType = "public.app-category.social-networking";
				INFOPLIST_KEY_UIApplicationSceneManifest_Generation = YES;
				INFOPLIST_KEY_UIApplicationSupportsIndirectInputEvents = YES;
				INFOPLIST_KEY_UILaunchScreen_Generation = YES;
				INFOPLIST_KEY_UISupportedInterfaceOrientations = UIInterfaceOrientationPortrait;
				INFOPLIST_KEY_UISupportedInterfaceOrientations_iPad = "UIInterfaceOrientationPortrait UIInterfaceOrientationPortraitUpsideDown";
				IPHONEOS_DEPLOYMENT_TARGET = 16.6;
				LD_RUNPATH_SEARCH_PATHS = (
					"$(inherited)",
					"@executable_path/Frameworks",
				);
				MARKETING_VERSION = 1.0;
				PRODUCT_BUNDLE_IDENTIFIER = com.upsaclay.gedoise;
				PRODUCT_NAME = "La Grande Ecole Du Droit";
				SWIFT_EMIT_LOC_STRINGS = YES;
				SWIFT_VERSION = 5.0;
				TARGETED_DEVICE_FAMILY = "1,2";
			};
			name = Debug;
		};
		5EB578732CB3CCD4004524AD /* Release */ = {
			isa = XCBuildConfiguration;
			buildSettings = {
				ASSETCATALOG_COMPILER_APPICON_NAME = AppIcon;
				ASSETCATALOG_COMPILER_GLOBAL_ACCENT_COLOR_NAME = AccentColor;
				CODE_SIGN_STYLE = Automatic;
				CURRENT_PROJECT_VERSION = 1;
				DEVELOPMENT_ASSET_PATHS = "\"LaGrandeEcoleDuDroit/Preview Content\"";
				DEVELOPMENT_TEAM = R8SRMT4A39;
				ENABLE_PREVIEWS = YES;
				GENERATE_INFOPLIST_FILE = YES;
				INFOPLIST_KEY_CFBundleDisplayName = "La Grande Ecole Du Droit";
				INFOPLIST_KEY_LSApplicationCategoryType = "public.app-category.social-networking";
				INFOPLIST_KEY_UIApplicationSceneManifest_Generation = YES;
				INFOPLIST_KEY_UIApplicationSupportsIndirectInputEvents = YES;
				INFOPLIST_KEY_UILaunchScreen_Generation = YES;
				INFOPLIST_KEY_UISupportedInterfaceOrientations = UIInterfaceOrientationPortrait;
				INFOPLIST_KEY_UISupportedInterfaceOrientations_iPad = "UIInterfaceOrientationPortrait UIInterfaceOrientationPortraitUpsideDown";
				IPHONEOS_DEPLOYMENT_TARGET = 16.6;
				LD_RUNPATH_SEARCH_PATHS = (
					"$(inherited)",
					"@executable_path/Frameworks",
				);
				MARKETING_VERSION = 1.0;
				PRODUCT_BUNDLE_IDENTIFIER = com.upsaclay.gedoise;
				PRODUCT_NAME = "La Grande Ecole Du Droit";
				SWIFT_EMIT_LOC_STRINGS = YES;
				SWIFT_VERSION = 5.0;
				TARGETED_DEVICE_FAMILY = "1,2";
			};
			name = Release;
		};
		5EB578752CB3CCD4004524AD /* Debug */ = {
			isa = XCBuildConfiguration;
			buildSettings = {
				BUNDLE_LOADER = "$(TEST_HOST)";
				CODE_SIGN_STYLE = Automatic;
				CURRENT_PROJECT_VERSION = 1;
				GENERATE_INFOPLIST_FILE = YES;
				IPHONEOS_DEPLOYMENT_TARGET = 18.0;
				MARKETING_VERSION = 1.0;
				PRODUCT_BUNDLE_IDENTIFIER = com.upsaclay.gedoiseTests;
				PRODUCT_NAME = "$(TARGET_NAME)";
				SWIFT_EMIT_LOC_STRINGS = NO;
				SWIFT_VERSION = 5.0;
				TARGETED_DEVICE_FAMILY = "1,2";
				TEST_HOST = "$(BUILT_PRODUCTS_DIR)/LaGrandeEcoleDuDroit.app/$(BUNDLE_EXECUTABLE_FOLDER_PATH)/LaGrandeEcoleDuDroit";
			};
			name = Debug;
		};
		5EB578762CB3CCD4004524AD /* Release */ = {
			isa = XCBuildConfiguration;
			buildSettings = {
				BUNDLE_LOADER = "$(TEST_HOST)";
				CODE_SIGN_STYLE = Automatic;
				CURRENT_PROJECT_VERSION = 1;
				GENERATE_INFOPLIST_FILE = YES;
				IPHONEOS_DEPLOYMENT_TARGET = 18.0;
				MARKETING_VERSION = 1.0;
				PRODUCT_BUNDLE_IDENTIFIER = com.upsaclay.gedoiseTests;
				PRODUCT_NAME = "$(TARGET_NAME)";
				SWIFT_EMIT_LOC_STRINGS = NO;
				SWIFT_VERSION = 5.0;
				TARGETED_DEVICE_FAMILY = "1,2";
				TEST_HOST = "$(BUILT_PRODUCTS_DIR)/LaGrandeEcoleDuDroit.app/$(BUNDLE_EXECUTABLE_FOLDER_PATH)/LaGrandeEcoleDuDroit";
			};
			name = Release;
		};
		5EB578782CB3CCD4004524AD /* Debug */ = {
			isa = XCBuildConfiguration;
			buildSettings = {
				CODE_SIGN_STYLE = Automatic;
				CURRENT_PROJECT_VERSION = 1;
				GENERATE_INFOPLIST_FILE = YES;
				MARKETING_VERSION = 1.0;
				PRODUCT_BUNDLE_IDENTIFIER = com.upsaclay.gedoiseUITests;
				PRODUCT_NAME = "$(TARGET_NAME)";
				SWIFT_EMIT_LOC_STRINGS = NO;
				SWIFT_VERSION = 5.0;
				TARGETED_DEVICE_FAMILY = "1,2";
				TEST_TARGET_NAME = gedoise;
			};
			name = Debug;
		};
		5EB578792CB3CCD4004524AD /* Release */ = {
			isa = XCBuildConfiguration;
			buildSettings = {
				CODE_SIGN_STYLE = Automatic;
				CURRENT_PROJECT_VERSION = 1;
				GENERATE_INFOPLIST_FILE = YES;
				MARKETING_VERSION = 1.0;
				PRODUCT_BUNDLE_IDENTIFIER = com.upsaclay.gedoiseUITests;
				PRODUCT_NAME = "$(TARGET_NAME)";
				SWIFT_EMIT_LOC_STRINGS = NO;
				SWIFT_VERSION = 5.0;
				TARGETED_DEVICE_FAMILY = "1,2";
				TEST_TARGET_NAME = gedoise;
			};
			name = Release;
		};
/* End XCBuildConfiguration section */

/* Begin XCConfigurationList section */
		5EB578482CB3CCD3004524AD /* Build configuration list for PBXProject "LaGrandeEcoleDuDroit" */ = {
			isa = XCConfigurationList;
			buildConfigurations = (
				5EB5786F2CB3CCD4004524AD /* Debug */,
				5EB578702CB3CCD4004524AD /* Release */,
			);
			defaultConfigurationIsVisible = 0;
			defaultConfigurationName = Release;
		};
		5EB578712CB3CCD4004524AD /* Build configuration list for PBXNativeTarget "LaGrandeEcoleDuDroit" */ = {
			isa = XCConfigurationList;
			buildConfigurations = (
				5EB578722CB3CCD4004524AD /* Debug */,
				5EB578732CB3CCD4004524AD /* Release */,
			);
			defaultConfigurationIsVisible = 0;
			defaultConfigurationName = Release;
		};
		5EB578742CB3CCD4004524AD /* Build configuration list for PBXNativeTarget "LaGrandeEcoleDuDroitTests" */ = {
			isa = XCConfigurationList;
			buildConfigurations = (
				5EB578752CB3CCD4004524AD /* Debug */,
				5EB578762CB3CCD4004524AD /* Release */,
			);
			defaultConfigurationIsVisible = 0;
			defaultConfigurationName = Release;
		};
		5EB578772CB3CCD4004524AD /* Build configuration list for PBXNativeTarget "LaGrandeEcoleDuDroitUITests" */ = {
			isa = XCConfigurationList;
			buildConfigurations = (
				5EB578782CB3CCD4004524AD /* Debug */,
				5EB578792CB3CCD4004524AD /* Release */,
			);
			defaultConfigurationIsVisible = 0;
			defaultConfigurationName = Release;
		};
/* End XCConfigurationList section */

/* Begin XCRemoteSwiftPackageReference section */
		5EC0EA422CC5644100632199 /* XCRemoteSwiftPackageReference "firebase-ios-sdk" */ = {
			isa = XCRemoteSwiftPackageReference;
			repositoryURL = "https://github.com/firebase/firebase-ios-sdk";
			requirement = {
				kind = upToNextMajorVersion;
				minimumVersion = 11.3.0;
			};
		};
/* End XCRemoteSwiftPackageReference section */

/* Begin XCSwiftPackageProductDependency section */
		5EC0EA432CC5644100632199 /* FirebaseAnalytics */ = {
			isa = XCSwiftPackageProductDependency;
			package = 5EC0EA422CC5644100632199 /* XCRemoteSwiftPackageReference "firebase-ios-sdk" */;
			productName = FirebaseAnalytics;
		};
		5EC0EA452CC5644100632199 /* FirebaseAuth */ = {
			isa = XCSwiftPackageProductDependency;
			package = 5EC0EA422CC5644100632199 /* XCRemoteSwiftPackageReference "firebase-ios-sdk" */;
			productName = FirebaseAuth;
		};
		5EC0EA472CC5644100632199 /* FirebaseCore */ = {
			isa = XCSwiftPackageProductDependency;
			package = 5EC0EA422CC5644100632199 /* XCRemoteSwiftPackageReference "firebase-ios-sdk" */;
			productName = FirebaseCore;
		};
		5EC0EA492CC5644100632199 /* FirebaseCrashlytics */ = {
			isa = XCSwiftPackageProductDependency;
			package = 5EC0EA422CC5644100632199 /* XCRemoteSwiftPackageReference "firebase-ios-sdk" */;
			productName = FirebaseCrashlytics;
		};
		5EC0EA4B2CC5644100632199 /* FirebaseFirestore */ = {
			isa = XCSwiftPackageProductDependency;
			package = 5EC0EA422CC5644100632199 /* XCRemoteSwiftPackageReference "firebase-ios-sdk" */;
			productName = FirebaseFirestore;
		};
/* End XCSwiftPackageProductDependency section */
	};
	rootObject = 5EB578452CB3CCD3004524AD /* Project object */;
}
